
Microsoft Visual Studio Solution File, Format Version 12.00
# Visual Studio Version 17
VisualStudioVersion = 17.8.34525.116
MinimumVisualStudioVersion = 10.0.40219.1
Project("{FAE04EC0-301F-11D3-BF4B-00C04F79EFBC}") = "backend", "backend.csproj", "{09C0747A-F534-4E72-96A2-FAAD8741D491}"
EndProject
Global
	GlobalSection(SolutionConfigurationPlatforms) = preSolution
		Debug|Any CPU = Debug|Any CPU
		Release|Any CPU = Release|Any CPU
	EndGlobalSection
	GlobalSection(ProjectConfigurationPlatforms) = postSolution
		{09C0747A-F534-4E72-96A2-FAAD8741D491}.Debug|Any CPU.ActiveCfg = Debug|Any CPU
		{09C0747A-F534-4E72-96A2-FAAD8741D491}.Debug|Any CPU.Build.0 = Debug|Any CPU
		{09C0747A-F534-4E72-96A2-FAAD8741D491}.Release|Any CPU.ActiveCfg = Release|Any CPU
		{09C0747A-F534-4E72-96A2-FAAD8741D491}.Release|Any CPU.Build.0 = Release|Any CPU
	EndGlobalSection
	GlobalSection(SolutionProperties) = preSolution
		HideSolutionNode = FALSE
	EndGlobalSection
	GlobalSection(ExtensibilityGlobals) = postSolution
		SolutionGuid = {8DA8950A-CA3B-445F-B7B9-BE3AED553B0A}
	EndGlobalSection
EndGlobal
